
Microsoft Visual Studio Solution File, Format Version 12.00
# Visual Studio Version 17
VisualStudioVersion = 17.13.35818.85 d17.13
MinimumVisualStudioVersion = 10.0.40219.1
Project("{FAE04EC0-301F-11D3-BF4B-00C04F79EFBC}") = "CRUD with Relationships", "CRUD with Relationships\CRUD with Relationships.csproj", "{6C13EA3E-A0DC-450A-A0D4-DC0FD2D7A9B3}"
EndProject
Global
	GlobalSection(SolutionConfigurationPlatforms) = preSolution
		Debug|Any CPU = Debug|Any CPU
		Release|Any CPU = Release|Any CPU
	EndGlobalSection
	GlobalSection(ProjectConfigurationPlatforms) = postSolution
		{6C13EA3E-A0DC-450A-A0D4-DC0FD2D7A9B3}.Debug|Any CPU.ActiveCfg = Debug|Any CPU
		{6C13EA3E-A0DC-450A-A0D4-DC0FD2D7A9B3}.Debug|Any CPU.Build.0 = Debug|Any CPU
		{6C13EA3E-A0DC-450A-A0D4-DC0FD2D7A9B3}.Release|Any CPU.ActiveCfg = Release|Any CPU
		{6C13EA3E-A0DC-450A-A0D4-DC0FD2D7A9B3}.Release|Any CPU.Build.0 = Release|Any CPU
	EndGlobalSection
	GlobalSection(SolutionProperties) = preSolution
		HideSolutionNode = FALSE
	EndGlobalSection
	GlobalSection(ExtensibilityGlobals) = postSolution
		SolutionGuid = {AE2CF140-EC76-44DF-83BA-CEACA12C53A6}
	EndGlobalSection
EndGlobal
